
Microsoft Visual Studio Solution File, Format Version 12.00
# Visual Studio 15
Project("{FAE04EC0-301F-11D3-BF4B-00C04F79EFBC}") = "CircleWorld", "CircleWorld.csproj", "{F8D188D3-FBC9-9B66-3648-599EE00106E1}"
EndProject
Project("{FAE04EC0-301F-11D3-BF4B-00C04F79EFBC}") = "CircleWorld.Editor", "CircleWorld.Editor.csproj", "{6C0EE1F6-A795-AB58-6AE4-F9EE1F3C7884}"
EndProject
Global
	GlobalSection(SolutionConfigurationPlatforms) = preSolution
		Debug|Any CPU = Debug|Any CPU
		Release|Any CPU = Release|Any CPU
	EndGlobalSection
	GlobalSection(ProjectConfigurationPlatforms) = postSolution
		{F8D188D3-FBC9-9B66-3648-599EE00106E1}.Debug|Any CPU.ActiveCfg = Debug|Any CPU
		{F8D188D3-FBC9-9B66-3648-599EE00106E1}.Debug|Any CPU.Build.0 = Debug|Any CPU
		{F8D188D3-FBC9-9B66-3648-599EE00106E1}.Release|Any CPU.ActiveCfg = Release|Any CPU
		{F8D188D3-FBC9-9B66-3648-599EE00106E1}.Release|Any CPU.Build.0 = Release|Any CPU
		{6C0EE1F6-A795-AB58-6AE4-F9EE1F3C7884}.Debug|Any CPU.ActiveCfg = Debug|Any CPU
		{6C0EE1F6-A795-AB58-6AE4-F9EE1F3C7884}.Debug|Any CPU.Build.0 = Debug|Any CPU
		{6C0EE1F6-A795-AB58-6AE4-F9EE1F3C7884}.Release|Any CPU.ActiveCfg = Release|Any CPU
		{6C0EE1F6-A795-AB58-6AE4-F9EE1F3C7884}.Release|Any CPU.Build.0 = Release|Any CPU
	EndGlobalSection
	GlobalSection(SolutionProperties) = preSolution
		HideSolutionNode = FALSE
	EndGlobalSection
EndGlobal
